PODS:
  - Alamofire (1.2.1)
  - Bolts/Tasks (1.1.5)
  - Cent (3.0.0):
    - Dollar (~> 3.0.0)
  - Dollar (3.0.0)
  - Parse (1.7.4):
    - Bolts/Tasks (>= 1.1.5)
  - ParseUI (1.1.4):
    - Parse (~> 1.7)
  - SwiftyJSON (2.2.0)
  - TaskQueue (0.9.6)
  - XCGLogger (2.0)

DEPENDENCIES:
  - Alamofire (~> 1.2)
  - Cent (~> 3.0)
  - Dollar (~> 3.0)
  - Parse (~> 1.7)
  - ParseUI (~> 1.1)
  - SwiftyJSON (~> 2.2)
  - TaskQueue (~> 0.9)
  - XCGLogger (~> 2.0)

SPEC CHECKSUMS:
  Alamofire: 1acfdf179aff68b41a48dff70c1ac7fa263e2bcb
  Bolts: aac24961496d504aa56fc267cde95162a71bac39
  Cent: 305179e6575e71b14a3dfe0f73a1096e3349fb60
  Dollar: 4df780ce1baa410d71e423fee07646abb1106909
  Parse: 6ca512c6e860b66739c95151b2f76ac4712b7842
  ParseUI: d1228541b02a36a7354c8f47747f5f7a89cf1ff0
  SwiftyJSON: 0b3e6c07af17ff745e77e8e9984097b55c956e5c
  TaskQueue: 86cea1f6cb37b77a85bd826b564e9b387faadce4
  XCGLogger: 90570901ddf86d5479672d61a1b0a639235b851a

COCOAPODS: 0.36.4
