// !$*UTF8*$!
{
	archiveVersion = 1;
	classes = {
	};
	objectVersion = 46;
	objects = {

/* Begin PBXBuildFile section */
		013D74E41AF6EACC00232673 /* AppDelegate.swift in Sources */ = {isa = PBXBuildFile; fileRef = 013D74E31AF6EACC00232673 /* AppDelegate.swift */; };
		013D74E61AF6EACC00232673 /* ViewController.swift in Sources */ = {isa = PBXBuildFile; fileRef = 013D74E51AF6EACC00232673 /* ViewController.swift */; };
		013D74E91AF6EACC00232673 /* Main.storyboard in Resources */ = {isa = PBXBuildFile; fileRef = 013D74E71AF6EACC00232673 /* Main.storyboard */; };
		013D74EB1AF6EACC00232673 /* Images.xcassets in Resources */ = {isa = PBXBuildFile; fileRef = 013D74EA1AF6EACC00232673 /* Images.xcassets */; };
		013D74EE1AF6EACC00232673 /* LaunchScreen.xib in Resources */ = {isa = PBXBuildFile; fileRef = 013D74EC1AF6EACC00232673 /* LaunchScreen.xib */; };
		013D74FA1AF6EACC00232673 /* tradingTests.swift in Sources */ = {isa = PBXBuildFile; fileRef = 013D74F91AF6EACC00232673 /* tradingTests.swift */; };
/* End PBXBuildFile section */

/* Begin PBXContainerItemProxy section */
		013D74F41AF6EACC00232673 /* PBXContainerItemProxy */ = {
			isa = PBXContainerItemProxy;
			containerPortal = 013D74D61AF6EACC00232673 /* Project object */;
			proxyType = 1;
			remoteGlobalIDString = 013D74DD1AF6EACC00232673;
			remoteInfo = trading;
		};
/* End PBXContainerItemProxy section */

/* Begin PBXFileReference section */
		013D74DE1AF6EACC00232673 /* trading.app */ = {isa = PBXFileReference; explicitFileType = wrapper.application; includeInIndex = 0; path = trading.app; sourceTree = BUILT_PRODUCTS_DIR; };
		013D74E21AF6EACC00232673 /* Info.plist */ = {isa = PBXFileReference; lastKnownFileType = text.plist.xml; path = Info.plist; sourceTree = "<group>"; };
		013D74E31AF6EACC00232673 /* AppDelegate.swift */ = {isa = PBXFileReference; lastKnownFileType = sourcecode.swift; path = AppDelegate.swift; sourceTree = "<group>"; };
		013D74E51AF6EACC00232673 /* ViewController.swift */ = {isa = PBXFileReference; lastKnownFileType = sourcecode.swift; path = ViewController.swift; sourceTree = "<group>"; };
		013D74E81AF6EACC00232673 /* Base */ = {isa = PBXFileReference; lastKnownFileType = file.storyboard; name = Base; path = Base.lproj/Main.storyboard; sourceTree = "<group>"; };
		013D74EA1AF6EACC00232673 /* Images.xcassets */ = {isa = PBXFileReference; lastKnownFileType = folder.assetcatalog; path = Images.xcassets; sourceTree = "<group>"; };
		013D74ED1AF6EACC00232673 /* Base */ = {isa = PBXFileReference; lastKnownFileType = file.xib; name = Base; path = Base.lproj/LaunchScreen.xib; sourceTree = "<group>"; };
		013D74F31AF6EACC00232673 /* tradingTests.xctest */ = {isa = PBXFileReference; explicitFileType = wrapper.cfbundle; includeInIndex = 0; path = tradingTests.xctest; sourceTree = BUILT_PRODUCTS_DIR; };
		013D74F81AF6EACC00232673 /* Info.plist */ = {isa = PBXFileReference; lastKnownFileType = text.plist.xml; path = Info.plist; sourceTree = "<group>"; };
		013D74F91AF6EACC00232673 /* tradingTests.swift */ = {isa = PBXFileReference; lastKnownFileType = sourcecode.swift; path = tradingTests.swift; sourceTree = "<group>"; };
/* End PBXFileReference section */

/* Begin PBXFrameworksBuildPhase section */
		013D74DB1AF6EACC00232673 /* Frameworks */ = {
			isa = PBXFrameworksBuildPhase;
			buildActionMask = 2147483647;
			files = (
			);
			runOnlyForDeploymentPostprocessing = 0;
		};
		013D74F01AF6EACC00232673 /* Frameworks */ = {
			isa = PBXFrameworksBuildPhase;
			buildActionMask = 2147483647;
			files = (
			);
			runOnlyForDeploymentPostprocessing = 0;
		};
/* End PBXFrameworksBuildPhase section */

/* Begin PBXGroup section */
		013D74D51AF6EACC00232673 = {
			isa = PBXGroup;
			children = (
				013D74E01AF6EACC00232673 /* trading */,
				013D74F61AF6EACC00232673 /* tradingTests */,
				013D74DF1AF6EACC00232673 /* Products */,
			);
			sourceTree = "<group>";
		};
		013D74DF1AF6EACC00232673 /* Products */ = {
			isa = PBXGroup;
			children = (
				013D74DE1AF6EACC00232673 /* trading.app */,
				013D74F31AF6EACC00232673 /* tradingTests.xctest */,
			);
			name = Products;
			sourceTree = "<group>";
		};
		013D74E01AF6EACC00232673 /* trading */ = {
			isa = PBXGroup;
			children = (
				013D74E31AF6EACC00232673 /* AppDelegate.swift */,
				013D74E51AF6EACC00232673 /* ViewController.swift */,
				013D74E71AF6EACC00232673 /* Main.storyboard */,
				013D74EA1AF6EACC00232673 /* Images.xcassets */,
				013D74EC1AF6EACC00232673 /* LaunchScreen.xib */,
				013D74E11AF6EACC00232673 /* Supporting Files */,
			);
			path = trading;
			sourceTree = "<group>";
		};
		013D74E11AF6EACC00232673 /* Supporting Files */ = {
			isa = PBXGroup;
			children = (
				013D74E21AF6EACC00232673 /* Info.plist */,
			);
			name = "Supporting Files";
			sourceTree = "<group>";
		};
		013D74F61AF6EACC00232673 /* tradingTests */ = {
			isa = PBXGroup;
			children = (
				013D74F91AF6EACC00232673 /* tradingTests.swift */,
				013D74F71AF6EACC00232673 /* Supporting Files */,
			);
			path = tradingTests;
			sourceTree = "<group>";
		};
		013D74F71AF6EACC00232673 /* Supporting Files */ = {
			isa = PBXGroup;
			children = (
				013D74F81AF6EACC00232673 /* Info.plist */,
			);
			name = "Supporting Files";
			sourceTree = "<group>";
		};
/* End PBXGroup section */

/* Begin PBXNativeTarget section */
		013D74DD1AF6EACC00232673 /* trading */ = {
			isa = PBXNativeTarget;
			buildConfigurationList = 013D74FD1AF6EACC00232673 /* Build configuration list for PBXNativeTarget "trading" */;
			buildPhases = (
				013D74DA1AF6EACC00232673 /* Sources */,
				013D74DB1AF6EACC00232673 /* Frameworks */,
				013D74DC1AF6EACC00232673 /* Resources */,
			);
			buildRules = (
			);
			dependencies = (
			);
			name = trading;
			productName = trading;
			productReference = 013D74DE1AF6EACC00232673 /* trading.app */;
			productType = "com.apple.product-type.application";
		};
		013D74F21AF6EACC00232673 /* tradingTests */ = {
			isa = PBXNativeTarget;
			buildConfigurationList = 013D75001AF6EACC00232673 /* Build configuration list for PBXNativeTarget "tradingTests" */;
			buildPhases = (
				013D74EF1AF6EACC00232673 /* Sources */,
				013D74F01AF6EACC00232673 /* Frameworks */,
				013D74F11AF6EACC00232673 /* Resources */,
			);
			buildRules = (
			);
			dependencies = (
				013D74F51AF6EACC00232673 /* PBXTargetDependency */,
			);
			name = tradingTests;
			productName = tradingTests;
			productReference = 013D74F31AF6EACC00232673 /* tradingTests.xctest */;
			productType = "com.apple.product-type.bundle.unit-test";
		};
/* End PBXNativeTarget section */

/* Begin PBXProject section */
		013D74D61AF6EACC00232673 /* Project object */ = {
			isa = PBXProject;
			attributes = {
				LastUpgradeCheck = 0630;
				ORGANIZATIONNAME = "Nicholas Addison";
				TargetAttributes = {
					013D74DD1AF6EACC00232673 = {
						CreatedOnToolsVersion = 6.3.1;
					};
					013D74F21AF6EACC00232673 = {
						CreatedOnToolsVersion = 6.3.1;
						TestTargetID = 013D74DD1AF6EACC00232673;
					};
				};
			};
			buildConfigurationList = 013D74D91AF6EACC00232673 /* Build configuration list for PBXProject "trading" */;
			compatibilityVersion = "Xcode 3.2";
			developmentRegion = English;
			hasScannedForEncodings = 0;
			knownRegions = (
				en,
				Base,
			);
			mainGroup = 013D74D51AF6EACC00232673;
			productRefGroup = 013D74DF1AF6EACC00232673 /* Products */;
			projectDirPath = "";
			projectRoot = "";
			targets = (
				013D74DD1AF6EACC00232673 /* trading */,
				013D74F21AF6EACC00232673 /* tradingTests */,
			);
		};
/* End PBXProject section */

/* Begin PBXResourcesBuildPhase section */
		013D74DC1AF6EACC00232673 /* Resources */ = {
			isa = PBXResourcesBuildPhase;
			buildActionMask = 2147483647;
			files = (
				013D74E91AF6EACC00232673 /* Main.storyboard in Resources */,
				013D74EE1AF6EACC00232673 /* LaunchScreen.xib in Resources */,
				013D74EB1AF6EACC00232673 /* Images.xcassets in Resources */,
			);
			runOnlyForDeploymentPostprocessing = 0;
		};
		013D74F11AF6EACC00232673 /* Resources */ = {
			isa = PBXResourcesBuildPhase;
			buildActionMask = 2147483647;
			files = (
			);
			runOnlyForDeploymentPostprocessing = 0;
		};
/* End PBXResourcesBuildPhase section */

/* Begin PBXSourcesBuildPhase section */
		013D74DA1AF6EACC00232673 /* Sources */ = {
			isa = PBXSourcesBuildPhase;
			buildActionMask = 2147483647;
			files = (
				013D74E61AF6EACC00232673 /* ViewController.swift in Sources */,
				013D74E41AF6EACC00232673 /* AppDelegate.swift in Sources */,
			);
			runOnlyForDeploymentPostprocessing = 0;
		};
		013D74EF1AF6EACC00232673 /* Sources */ = {
			isa = PBXSourcesBuildPhase;
			buildActionMask = 2147483647;
			files = (
				013D74FA1AF6EACC00232673 /* tradingTests.swift in Sources */,
			);
			runOnlyForDeploymentPostprocessing = 0;
		};
/* End PBXSourcesBuildPhase section */

/* Begin PBXTargetDependency section */
		013D74F51AF6EACC00232673 /* PBXTargetDependency */ = {
			isa = PBXTargetDependency;
			target = 013D74DD1AF6EACC00232673 /* trading */;
			targetProxy = 013D74F41AF6EACC00232673 /* PBXContainerItemProxy */;
		};
/* End PBXTargetDependency section */

/* Begin PBXVariantGroup section */
		013D74E71AF6EACC00232673 /* Main.storyboard */ = {
			isa = PBXVariantGroup;
			children = (
				013D74E81AF6EACC00232673 /* Base */,
			);
			name = Main.storyboard;
			sourceTree = "<group>";
		};
		013D74EC1AF6EACC00232673 /* LaunchScreen.xib */ = {
			isa = PBXVariantGroup;
			children = (
				013D74ED1AF6EACC00232673 /* Base */,
			);
			name = LaunchScreen.xib;
			sourceTree = "<group>";
		};
/* End PBXVariantGroup section */

/* Begin XCBuildConfiguration section */
		013D74FB1AF6EACC00232673 /* Debug */ = {
			isa = XCBuildConfiguration;
			buildSettings = {
				ALWAYS_SEARCH_USER_PATHS = NO;
				CLANG_CXX_LANGUAGE_STANDARD = "gnu++0x";
				CLANG_CXX_LIBRARY = "libc++";
				CLANG_ENABLE_MODULES = YES;
				CLANG_ENABLE_OBJC_ARC = YES;
				CLANG_WARN_BOOL_CONVERSION = YES;
				CLANG_WARN_CONSTANT_CONVERSION = YES;
				CLANG_WARN_DIRECT_OBJC_ISA_USAGE = YES_ERROR;
				CLANG_WARN_EMPTY_BODY = YES;
				CLANG_WARN_ENUM_CONVERSION = YES;
				CLANG_WARN_INT_CONVERSION = YES;
				CLANG_WARN_OBJC_ROOT_CLASS = YES_ERROR;
				CLANG_WARN_UNREACHABLE_CODE = YES;
				CLANG_WARN__DUPLICATE_METHOD_MATCH = YES;
				"CODE_SIGN_IDENTITY[sdk=iphoneos*]" = "iPhone Developer";
				COPY_PHASE_STRIP = NO;
				DEBUG_INFORMATION_FORMAT = "dwarf-with-dsym";
				ENABLE_STRICT_OBJC_MSGSEND = YES;
				GCC_C_LANGUAGE_STANDARD = gnu99;
				GCC_DYNAMIC_NO_PIC = NO;
				GCC_NO_COMMON_BLOCKS = YES;
				GCC_OPTIMIZATION_LEVEL = 0;
				GCC_PREPROCESSOR_DEFINITIONS = (
					"DEBUG=1",
					"$(inherited)",
				);
				GCC_SYMBOLS_PRIVATE_EXTERN = NO;
				GCC_WARN_64_TO_32_BIT_CONVERSION = YES;
				GCC_WARN_ABOUT_RETURN_TYPE = YES_ERROR;
				GCC_WARN_UNDECLARED_SELECTOR = YES;
				GCC_WARN_UNINITIALIZED_AUTOS = YES_AGGRESSIVE;
				GCC_WARN_UNUSED_FUNCTION = YES;
				GCC_WARN_UNUSED_VARIABLE = YES;
				IPHONEOS_DEPLOYMENT_TARGET = 8.3;
				MTL_ENABLE_DEBUG_INFO = YES;
				ONLY_ACTIVE_ARCH = YES;
				SDKROOT = iphoneos;
				SWIFT_OPTIMIZATION_LEVEL = "-Onone";
				TARGETED_DEVICE_FAMILY = "1,2";
			};
			name = Debug;
		};
		013D74FC1AF6EACC00232673 /* Release */ = {
			isa = XCBuildConfiguration;
			buildSettings = {
				ALWAYS_SEARCH_USER_PATHS = NO;
				CLANG_CXX_LANGUAGE_STANDARD = "gnu++0x";
				CLANG_CXX_LIBRARY = "libc++";
				CLANG_ENABLE_MODULES = YES;
				CLANG_ENABLE_OBJC_ARC = YES;
				CLANG_WARN_BOOL_CONVERSION = YES;
				CLANG_WARN_CONSTANT_CONVERSION = YES;
				CLANG_WARN_DIRECT_OBJC_ISA_USAGE = YES_ERROR;
				CLANG_WARN_EMPTY_BODY = YES;
				CLANG_WARN_ENUM_CONVERSION = YES;
				CLANG_WARN_INT_CONVERSION = YES;
				CLANG_WARN_OBJC_ROOT_CLASS = YES_ERROR;
				CLANG_WARN_UNREACHABLE_CODE = YES;
				CLANG_WARN__DUPLICATE_METHOD_MATCH = YES;
				"CODE_SIGN_IDENTITY[sdk=iphoneos*]" = "iPhone Developer";
				COPY_PHASE_STRIP = NO;
				DEBUG_INFORMATION_FORMAT = "dwarf-with-dsym";
				ENABLE_NS_ASSERTIONS = NO;
				ENABLE_STRICT_OBJC_MSGSEND = YES;
				GCC_C_LANGUAGE_STANDARD = gnu99;
				GCC_NO_COMMON_BLOCKS = YES;
				GCC_WARN_64_TO_32_BIT_CONVERSION = YES;
				GCC_WARN_ABOUT_RETURN_TYPE = YES_ERROR;
				GCC_WARN_UNDECLARED_SELECTOR = YES;
				GCC_WARN_UNINITIALIZED_AUTOS = YES_AGGRESSIVE;
				GCC_WARN_UNUSED_FUNCTION = YES;
				GCC_WARN_UNUSED_VARIABLE = YES;
				IPHONEOS_DEPLOYMENT_TARGET = 8.3;
				MTL_ENABLE_DEBUG_INFO = NO;
				SDKROOT = iphoneos;
				TARGETED_DEVICE_FAMILY = "1,2";
				VALIDATE_PRODUCT = YES;
			};
			name = Release;
		};
		013D74FE1AF6EACC00232673 /* Debug */ = {
			isa = XCBuildConfiguration;
			buildSettings = {
				ASSETCATALOG_COMPILER_APPICON_NAME = AppIcon;
				INFOPLIST_FILE = trading/Info.plist;
				LD_RUNPATH_SEARCH_PATHS = "$(inherited) @executable_path/Frameworks";
				PRODUCT_NAME = "$(TARGET_NAME)";
			};
			name = Debug;
		};
		013D74FF1AF6EACC00232673 /* Release */ = {
			isa = XCBuildConfiguration;
			buildSettings = {
				ASSETCATALOG_COMPILER_APPICON_NAME = AppIcon;
				INFOPLIST_FILE = trading/Info.plist;
				LD_RUNPATH_SEARCH_PATHS = "$(inherited) @executable_path/Frameworks";
				PRODUCT_NAME = "$(TARGET_NAME)";
			};
			name = Release;
		};
		013D75011AF6EACC00232673 /* Debug */ = {
			isa = XCBuildConfiguration;
			buildSettings = {
				BUNDLE_LOADER = "$(TEST_HOST)";
				FRAMEWORK_SEARCH_PATHS = (
					"$(SDKROOT)/Developer/Library/Frameworks",
					"$(inherited)",
				);
				GCC_PREPROCESSOR_DEFINITIONS = (
					"DEBUG=1",
					"$(inherited)",
				);
				INFOPLIST_FILE = tradingTests/Info.plist;
				LD_RUNPATH_SEARCH_PATHS = "$(inherited) @executable_path/Frameworks @loader_path/Frameworks";
				PRODUCT_NAME = "$(TARGET_NAME)";
				TEST_HOST = "$(BUILT_PRODUCTS_DIR)/trading.app/trading";
			};
			name = Debug;
		};
		013D75021AF6EACC00232673 /* Release */ = {
			isa = XCBuildConfiguration;
			buildSettings = {
				BUNDLE_LOADER = "$(TEST_HOST)";
				FRAMEWORK_SEARCH_PATHS = (
					"$(SDKROOT)/Developer/Library/Frameworks",
					"$(inherited)",
				);
				INFOPLIST_FILE = tradingTests/Info.plist;
				LD_RUNPATH_SEARCH_PATHS = "$(inherited) @executable_path/Frameworks @loader_path/Frameworks";
				PRODUCT_NAME = "$(TARGET_NAME)";
				TEST_HOST = "$(BUILT_PRODUCTS_DIR)/trading.app/trading";
			};
			name = Release;
		};
/* End XCBuildConfiguration section */

/* Begin XCConfigurationList section */
		013D74D91AF6EACC00232673 /* Build configuration list for PBXProject "trading" */ = {
			isa = XCConfigurationList;
			buildConfigurations = (
				013D74FB1AF6EACC00232673 /* Debug */,
				013D74FC1AF6EACC00232673 /* Release */,
			);
			defaultConfigurationIsVisible = 0;
			defaultConfigurationName = Release;
		};
		013D74FD1AF6EACC00232673 /* Build configuration list for PBXNativeTarget "trading" */ = {
			isa = XCConfigurationList;
			buildConfigurations = (
				013D74FE1AF6EACC00232673 /* Debug */,
				013D74FF1AF6EACC00232673 /* Release */,
			);
			defaultConfigurationIsVisible = 0;
		};
		013D75001AF6EACC00232673 /* Build configuration list for PBXNativeTarget "tradingTests" */ = {
			isa = XCConfigurationList;
			buildConfigurations = (
				013D75011AF6EACC00232673 /* Debug */,
				013D75021AF6EACC00232673 /* Release */,
			);
			defaultConfigurationIsVisible = 0;
		};
/* End XCConfigurationList section */
	};
	rootObject = 013D74D61AF6EACC00232673 /* Project object */;
}
