// !$*UTF8*$!
{
	archiveVersion = 1;
	classes = {
	};
	objectVersion = 46;
	objects = {

/* Begin PBXBuildFile section */
		017DE1931AD3BE7900E001E0 /* AppDelegate.swift in Sources */ = {isa = PBXBuildFile; fileRef = 017DE1921AD3BE7900E001E0 /* AppDelegate.swift */; };
		017DE1981AD3BE7900E001E0 /* Main.storyboard in Resources */ = {isa = PBXBuildFile; fileRef = 017DE1961AD3BE7900E001E0 /* Main.storyboard */; };
		017DE19A1AD3BE7900E001E0 /* Images.xcassets in Resources */ = {isa = PBXBuildFile; fileRef = 017DE1991AD3BE7900E001E0 /* Images.xcassets */; };
		017DE19D1AD3BE7900E001E0 /* LaunchScreen.xib in Resources */ = {isa = PBXBuildFile; fileRef = 017DE19B1AD3BE7900E001E0 /* LaunchScreen.xib */; };
		017DE1A91AD3BE7900E001E0 /* ExchangeBalancesTests.swift in Sources */ = {isa = PBXBuildFile; fileRef = 017DE1A81AD3BE7900E001E0 /* ExchangeBalancesTests.swift */; };
		017DE1B31AD3BEF100E001E0 /* BalancesTableViewController.swift in Sources */ = {isa = PBXBuildFile; fileRef = 017DE1B21AD3BEF100E001E0 /* BalancesTableViewController.swift */; };
		017DE1B61AD3C88200E001E0 /* BalanceCell.swift in Sources */ = {isa = PBXBuildFile; fileRef = 017DE1B51AD3C88200E001E0 /* BalanceCell.swift */; };
		01E955511AD40CDD008C98F2 /* HeaderCell.swift in Sources */ = {isa = PBXBuildFile; fileRef = 01E955501AD40CDD008C98F2 /* HeaderCell.swift */; };
/* End PBXBuildFile section */

/* Begin PBXContainerItemProxy section */
		017DE1A31AD3BE7900E001E0 /* PBXContainerItemProxy */ = {
			isa = PBXContainerItemProxy;
			containerPortal = 017DE1851AD3BE7900E001E0 /* Project object */;
			proxyType = 1;
			remoteGlobalIDString = 017DE18C1AD3BE7900E001E0;
			remoteInfo = ExchangeBalances;
		};
/* End PBXContainerItemProxy section */

/* Begin PBXFileReference section */
		017DE18D1AD3BE7900E001E0 /* ExchangeBalances.app */ = {isa = PBXFileReference; explicitFileType = wrapper.application; includeInIndex = 0; path = ExchangeBalances.app; sourceTree = BUILT_PRODUCTS_DIR; };
		017DE1911AD3BE7900E001E0 /* Info.plist */ = {isa = PBXFileReference; lastKnownFileType = text.plist.xml; path = Info.plist; sourceTree = "<group>"; };
		017DE1921AD3BE7900E001E0 /* AppDelegate.swift */ = {isa = PBXFileReference; lastKnownFileType = sourcecode.swift; path = AppDelegate.swift; sourceTree = "<group>"; };
		017DE1971AD3BE7900E001E0 /* Base */ = {isa = PBXFileReference; lastKnownFileType = file.storyboard; name = Base; path = Base.lproj/Main.storyboard; sourceTree = "<group>"; };
		017DE1991AD3BE7900E001E0 /* Images.xcassets */ = {isa = PBXFileReference; lastKnownFileType = folder.assetcatalog; path = Images.xcassets; sourceTree = "<group>"; };
		017DE19C1AD3BE7900E001E0 /* Base */ = {isa = PBXFileReference; lastKnownFileType = file.xib; name = Base; path = Base.lproj/LaunchScreen.xib; sourceTree = "<group>"; };
		017DE1A21AD3BE7900E001E0 /* ExchangeBalancesTests.xctest */ = {isa = PBXFileReference; explicitFileType = wrapper.cfbundle; includeInIndex = 0; path = ExchangeBalancesTests.xctest; sourceTree = BUILT_PRODUCTS_DIR; };
		017DE1A71AD3BE7900E001E0 /* Info.plist */ = {isa = PBXFileReference; lastKnownFileType = text.plist.xml; path = Info.plist; sourceTree = "<group>"; };
		017DE1A81AD3BE7900E001E0 /* ExchangeBalancesTests.swift */ = {isa = PBXFileReference; lastKnownFileType = sourcecode.swift; path = ExchangeBalancesTests.swift; sourceTree = "<group>"; };
		017DE1B21AD3BEF100E001E0 /* BalancesTableViewController.swift */ = {isa = PBXFileReference; fileEncoding = 4; lastKnownFileType = sourcecode.swift; name = BalancesTableViewController.swift; path = ../BalancesTableViewController.swift; sourceTree = "<group>"; };
		017DE1B51AD3C88200E001E0 /* BalanceCell.swift */ = {isa = PBXFileReference; fileEncoding = 4; lastKnownFileType = sourcecode.swift; path = BalanceCell.swift; sourceTree = "<group>"; };
		01E955501AD40CDD008C98F2 /* HeaderCell.swift */ = {isa = PBXFileReference; fileEncoding = 4; lastKnownFileType = sourcecode.swift; path = HeaderCell.swift; sourceTree = "<group>"; };
/* End PBXFileReference section */

/* Begin PBXFrameworksBuildPhase section */
		017DE18A1AD3BE7900E001E0 /* Frameworks */ = {
			isa = PBXFrameworksBuildPhase;
			buildActionMask = 2147483647;
			files = (
			);
			runOnlyForDeploymentPostprocessing = 0;
		};
		017DE19F1AD3BE7900E001E0 /* Frameworks */ = {
			isa = PBXFrameworksBuildPhase;
			buildActionMask = 2147483647;
			files = (
			);
			runOnlyForDeploymentPostprocessing = 0;
		};
/* End PBXFrameworksBuildPhase section */

/* Begin PBXGroup section */
		017DE1841AD3BE7900E001E0 = {
			isa = PBXGroup;
			children = (
				017DE1B41AD3C1C100E001E0 /* models */,
				017DE18F1AD3BE7900E001E0 /* ExchangeBalances */,
				017DE1A51AD3BE7900E001E0 /* ExchangeBalancesTests */,
				017DE18E1AD3BE7900E001E0 /* Products */,
			);
			sourceTree = "<group>";
		};
		017DE18E1AD3BE7900E001E0 /* Products */ = {
			isa = PBXGroup;
			children = (
				017DE18D1AD3BE7900E001E0 /* ExchangeBalances.app */,
				017DE1A21AD3BE7900E001E0 /* ExchangeBalancesTests.xctest */,
			);
			name = Products;
			sourceTree = "<group>";
		};
		017DE18F1AD3BE7900E001E0 /* ExchangeBalances */ = {
			isa = PBXGroup;
			children = (
				017DE1B21AD3BEF100E001E0 /* BalancesTableViewController.swift */,
				017DE1921AD3BE7900E001E0 /* AppDelegate.swift */,
				017DE1961AD3BE7900E001E0 /* Main.storyboard */,
				01E955501AD40CDD008C98F2 /* HeaderCell.swift */,
				017DE1B51AD3C88200E001E0 /* BalanceCell.swift */,
				017DE1991AD3BE7900E001E0 /* Images.xcassets */,
				017DE19B1AD3BE7900E001E0 /* LaunchScreen.xib */,
				017DE1901AD3BE7900E001E0 /* Supporting Files */,
			);
			path = ExchangeBalances;
			sourceTree = "<group>";
		};
		017DE1901AD3BE7900E001E0 /* Supporting Files */ = {
			isa = PBXGroup;
			children = (
				017DE1911AD3BE7900E001E0 /* Info.plist */,
			);
			name = "Supporting Files";
			sourceTree = "<group>";
		};
		017DE1A51AD3BE7900E001E0 /* ExchangeBalancesTests */ = {
			isa = PBXGroup;
			children = (
				017DE1A81AD3BE7900E001E0 /* ExchangeBalancesTests.swift */,
				017DE1A61AD3BE7900E001E0 /* Supporting Files */,
			);
			path = ExchangeBalancesTests;
			sourceTree = "<group>";
		};
		017DE1A61AD3BE7900E001E0 /* Supporting Files */ = {
			isa = PBXGroup;
			children = (
				017DE1A71AD3BE7900E001E0 /* Info.plist */,
			);
			name = "Supporting Files";
			sourceTree = "<group>";
		};
		017DE1B41AD3C1C100E001E0 /* models */ = {
			isa = PBXGroup;
			children = (
			);
			name = models;
			sourceTree = "<group>";
		};
/* End PBXGroup section */

/* Begin PBXNativeTarget section */
		017DE18C1AD3BE7900E001E0 /* ExchangeBalances */ = {
			isa = PBXNativeTarget;
			buildConfigurationList = 017DE1AC1AD3BE7900E001E0 /* Build configuration list for PBXNativeTarget "ExchangeBalances" */;
			buildPhases = (
				017DE1891AD3BE7900E001E0 /* Sources */,
				017DE18A1AD3BE7900E001E0 /* Frameworks */,
				017DE18B1AD3BE7900E001E0 /* Resources */,
			);
			buildRules = (
			);
			dependencies = (
			);
			name = ExchangeBalances;
			productName = ExchangeBalances;
			productReference = 017DE18D1AD3BE7900E001E0 /* ExchangeBalances.app */;
			productType = "com.apple.product-type.application";
		};
		017DE1A11AD3BE7900E001E0 /* ExchangeBalancesTests */ = {
			isa = PBXNativeTarget;
			buildConfigurationList = 017DE1AF1AD3BE7900E001E0 /* Build configuration list for PBXNativeTarget "ExchangeBalancesTests" */;
			buildPhases = (
				017DE19E1AD3BE7900E001E0 /* Sources */,
				017DE19F1AD3BE7900E001E0 /* Frameworks */,
				017DE1A01AD3BE7900E001E0 /* Resources */,
			);
			buildRules = (
			);
			dependencies = (
				017DE1A41AD3BE7900E001E0 /* PBXTargetDependency */,
			);
			name = ExchangeBalancesTests;
			productName = ExchangeBalancesTests;
			productReference = 017DE1A21AD3BE7900E001E0 /* ExchangeBalancesTests.xctest */;
			productType = "com.apple.product-type.bundle.unit-test";
		};
/* End PBXNativeTarget section */

/* Begin PBXProject section */
		017DE1851AD3BE7900E001E0 /* Project object */ = {
			isa = PBXProject;
			attributes = {
				LastUpgradeCheck = 0620;
				ORGANIZATIONNAME = "Nicholas Addison";
				TargetAttributes = {
					017DE18C1AD3BE7900E001E0 = {
						CreatedOnToolsVersion = 6.2;
					};
					017DE1A11AD3BE7900E001E0 = {
						CreatedOnToolsVersion = 6.2;
						TestTargetID = 017DE18C1AD3BE7900E001E0;
					};
				};
			};
			buildConfigurationList = 017DE1881AD3BE7900E001E0 /* Build configuration list for PBXProject "ExchangeBalances" */;
			compatibilityVersion = "Xcode 3.2";
			developmentRegion = English;
			hasScannedForEncodings = 0;
			knownRegions = (
				en,
				Base,
			);
			mainGroup = 017DE1841AD3BE7900E001E0;
			productRefGroup = 017DE18E1AD3BE7900E001E0 /* Products */;
			projectDirPath = "";
			projectRoot = "";
			targets = (
				017DE18C1AD3BE7900E001E0 /* ExchangeBalances */,
				017DE1A11AD3BE7900E001E0 /* ExchangeBalancesTests */,
			);
		};
/* End PBXProject section */

/* Begin PBXResourcesBuildPhase section */
		017DE18B1AD3BE7900E001E0 /* Resources */ = {
			isa = PBXResourcesBuildPhase;
			buildActionMask = 2147483647;
			files = (
				017DE1981AD3BE7900E001E0 /* Main.storyboard in Resources */,
				017DE19D1AD3BE7900E001E0 /* LaunchScreen.xib in Resources */,
				017DE19A1AD3BE7900E001E0 /* Images.xcassets in Resources */,
			);
			runOnlyForDeploymentPostprocessing = 0;
		};
		017DE1A01AD3BE7900E001E0 /* Resources */ = {
			isa = PBXResourcesBuildPhase;
			buildActionMask = 2147483647;
			files = (
			);
			runOnlyForDeploymentPostprocessing = 0;
		};
/* End PBXResourcesBuildPhase section */

/* Begin PBXSourcesBuildPhase section */
		017DE1891AD3BE7900E001E0 /* Sources */ = {
			isa = PBXSourcesBuildPhase;
			buildActionMask = 2147483647;
			files = (
				01E955511AD40CDD008C98F2 /* HeaderCell.swift in Sources */,
				017DE1B31AD3BEF100E001E0 /* BalancesTableViewController.swift in Sources */,
				017DE1B61AD3C88200E001E0 /* BalanceCell.swift in Sources */,
				017DE1931AD3BE7900E001E0 /* AppDelegate.swift in Sources */,
			);
			runOnlyForDeploymentPostprocessing = 0;
		};
		017DE19E1AD3BE7900E001E0 /* Sources */ = {
			isa = PBXSourcesBuildPhase;
			buildActionMask = 2147483647;
			files = (
				017DE1A91AD3BE7900E001E0 /* ExchangeBalancesTests.swift in Sources */,
			);
			runOnlyForDeploymentPostprocessing = 0;
		};
/* End PBXSourcesBuildPhase section */

/* Begin PBXTargetDependency section */
		017DE1A41AD3BE7900E001E0 /* PBXTargetDependency */ = {
			isa = PBXTargetDependency;
			target = 017DE18C1AD3BE7900E001E0 /* ExchangeBalances */;
			targetProxy = 017DE1A31AD3BE7900E001E0 /* PBXContainerItemProxy */;
		};
/* End PBXTargetDependency section */

/* Begin PBXVariantGroup section */
		017DE1961AD3BE7900E001E0 /* Main.storyboard */ = {
			isa = PBXVariantGroup;
			children = (
				017DE1971AD3BE7900E001E0 /* Base */,
			);
			name = Main.storyboard;
			sourceTree = "<group>";
		};
		017DE19B1AD3BE7900E001E0 /* LaunchScreen.xib */ = {
			isa = PBXVariantGroup;
			children = (
				017DE19C1AD3BE7900E001E0 /* Base */,
			);
			name = LaunchScreen.xib;
			sourceTree = "<group>";
		};
/* End PBXVariantGroup section */

/* Begin XCBuildConfiguration section */
		017DE1AA1AD3BE7900E001E0 /* Debug */ = {
			isa = XCBuildConfiguration;
			buildSettings = {
				ALWAYS_SEARCH_USER_PATHS = NO;
				CLANG_CXX_LANGUAGE_STANDARD = "gnu++0x";
				CLANG_CXX_LIBRARY = "libc++";
				CLANG_ENABLE_MODULES = YES;
				CLANG_ENABLE_OBJC_ARC = YES;
				CLANG_WARN_BOOL_CONVERSION = YES;
				CLANG_WARN_CONSTANT_CONVERSION = YES;
				CLANG_WARN_DIRECT_OBJC_ISA_USAGE = YES_ERROR;
				CLANG_WARN_EMPTY_BODY = YES;
				CLANG_WARN_ENUM_CONVERSION = YES;
				CLANG_WARN_INT_CONVERSION = YES;
				CLANG_WARN_OBJC_ROOT_CLASS = YES_ERROR;
				CLANG_WARN_UNREACHABLE_CODE = YES;
				CLANG_WARN__DUPLICATE_METHOD_MATCH = YES;
				"CODE_SIGN_IDENTITY[sdk=iphoneos*]" = "iPhone Developer";
				COPY_PHASE_STRIP = NO;
				ENABLE_STRICT_OBJC_MSGSEND = YES;
				GCC_C_LANGUAGE_STANDARD = gnu99;
				GCC_DYNAMIC_NO_PIC = NO;
				GCC_OPTIMIZATION_LEVEL = 0;
				GCC_PREPROCESSOR_DEFINITIONS = (
					"DEBUG=1",
					"$(inherited)",
				);
				GCC_SYMBOLS_PRIVATE_EXTERN = NO;
				GCC_WARN_64_TO_32_BIT_CONVERSION = YES;
				GCC_WARN_ABOUT_RETURN_TYPE = YES_ERROR;
				GCC_WARN_UNDECLARED_SELECTOR = YES;
				GCC_WARN_UNINITIALIZED_AUTOS = YES_AGGRESSIVE;
				GCC_WARN_UNUSED_FUNCTION = YES;
				GCC_WARN_UNUSED_VARIABLE = YES;
				IPHONEOS_DEPLOYMENT_TARGET = 8.2;
				MTL_ENABLE_DEBUG_INFO = YES;
				ONLY_ACTIVE_ARCH = YES;
				SDKROOT = iphoneos;
				SWIFT_OPTIMIZATION_LEVEL = "-Onone";
				TARGETED_DEVICE_FAMILY = "1,2";
			};
			name = Debug;
		};
		017DE1AB1AD3BE7900E001E0 /* Release */ = {
			isa = XCBuildConfiguration;
			buildSettings = {
				ALWAYS_SEARCH_USER_PATHS = NO;
				CLANG_CXX_LANGUAGE_STANDARD = "gnu++0x";
				CLANG_CXX_LIBRARY = "libc++";
				CLANG_ENABLE_MODULES = YES;
				CLANG_ENABLE_OBJC_ARC = YES;
				CLANG_WARN_BOOL_CONVERSION = YES;
				CLANG_WARN_CONSTANT_CONVERSION = YES;
				CLANG_WARN_DIRECT_OBJC_ISA_USAGE = YES_ERROR;
				CLANG_WARN_EMPTY_BODY = YES;
				CLANG_WARN_ENUM_CONVERSION = YES;
				CLANG_WARN_INT_CONVERSION = YES;
				CLANG_WARN_OBJC_ROOT_CLASS = YES_ERROR;
				CLANG_WARN_UNREACHABLE_CODE = YES;
				CLANG_WARN__DUPLICATE_METHOD_MATCH = YES;
				"CODE_SIGN_IDENTITY[sdk=iphoneos*]" = "iPhone Developer";
				COPY_PHASE_STRIP = NO;
				ENABLE_NS_ASSERTIONS = NO;
				ENABLE_STRICT_OBJC_MSGSEND = YES;
				GCC_C_LANGUAGE_STANDARD = gnu99;
				GCC_WARN_64_TO_32_BIT_CONVERSION = YES;
				GCC_WARN_ABOUT_RETURN_TYPE = YES_ERROR;
				GCC_WARN_UNDECLARED_SELECTOR = YES;
				GCC_WARN_UNINITIALIZED_AUTOS = YES_AGGRESSIVE;
				GCC_WARN_UNUSED_FUNCTION = YES;
				GCC_WARN_UNUSED_VARIABLE = YES;
				IPHONEOS_DEPLOYMENT_TARGET = 8.2;
				MTL_ENABLE_DEBUG_INFO = NO;
				SDKROOT = iphoneos;
				TARGETED_DEVICE_FAMILY = "1,2";
				VALIDATE_PRODUCT = YES;
			};
			name = Release;
		};
		017DE1AD1AD3BE7900E001E0 /* Debug */ = {
			isa = XCBuildConfiguration;
			buildSettings = {
				ASSETCATALOG_COMPILER_APPICON_NAME = AppIcon;
				INFOPLIST_FILE = ExchangeBalances/Info.plist;
				LD_RUNPATH_SEARCH_PATHS = "$(inherited) @executable_path/Frameworks";
				PRODUCT_NAME = "$(TARGET_NAME)";
			};
			name = Debug;
		};
		017DE1AE1AD3BE7900E001E0 /* Release */ = {
			isa = XCBuildConfiguration;
			buildSettings = {
				ASSETCATALOG_COMPILER_APPICON_NAME = AppIcon;
				INFOPLIST_FILE = ExchangeBalances/Info.plist;
				LD_RUNPATH_SEARCH_PATHS = "$(inherited) @executable_path/Frameworks";
				PRODUCT_NAME = "$(TARGET_NAME)";
			};
			name = Release;
		};
		017DE1B01AD3BE7900E001E0 /* Debug */ = {
			isa = XCBuildConfiguration;
			buildSettings = {
				BUNDLE_LOADER = "$(TEST_HOST)";
				FRAMEWORK_SEARCH_PATHS = (
					"$(SDKROOT)/Developer/Library/Frameworks",
					"$(inherited)",
				);
				GCC_PREPROCESSOR_DEFINITIONS = (
					"DEBUG=1",
					"$(inherited)",
				);
				INFOPLIST_FILE = ExchangeBalancesTests/Info.plist;
				LD_RUNPATH_SEARCH_PATHS = "$(inherited) @executable_path/Frameworks @loader_path/Frameworks";
				PRODUCT_NAME = "$(TARGET_NAME)";
				TEST_HOST = "$(BUILT_PRODUCTS_DIR)/ExchangeBalances.app/ExchangeBalances";
			};
			name = Debug;
		};
		017DE1B11AD3BE7900E001E0 /* Release */ = {
			isa = XCBuildConfiguration;
			buildSettings = {
				BUNDLE_LOADER = "$(TEST_HOST)";
				FRAMEWORK_SEARCH_PATHS = (
					"$(SDKROOT)/Developer/Library/Frameworks",
					"$(inherited)",
				);
				INFOPLIST_FILE = ExchangeBalancesTests/Info.plist;
				LD_RUNPATH_SEARCH_PATHS = "$(inherited) @executable_path/Frameworks @loader_path/Frameworks";
				PRODUCT_NAME = "$(TARGET_NAME)";
				TEST_HOST = "$(BUILT_PRODUCTS_DIR)/ExchangeBalances.app/ExchangeBalances";
			};
			name = Release;
		};
/* End XCBuildConfiguration section */

/* Begin XCConfigurationList section */
		017DE1881AD3BE7900E001E0 /* Build configuration list for PBXProject "ExchangeBalances" */ = {
			isa = XCConfigurationList;
			buildConfigurations = (
				017DE1AA1AD3BE7900E001E0 /* Debug */,
				017DE1AB1AD3BE7900E001E0 /* Release */,
			);
			defaultConfigurationIsVisible = 0;
			defaultConfigurationName = Release;
		};
		017DE1AC1AD3BE7900E001E0 /* Build configuration list for PBXNativeTarget "ExchangeBalances" */ = {
			isa = XCConfigurationList;
			buildConfigurations = (
				017DE1AD1AD3BE7900E001E0 /* Debug */,
				017DE1AE1AD3BE7900E001E0 /* Release */,
			);
			defaultConfigurationIsVisible = 0;
			defaultConfigurationName = Release;
		};
		017DE1AF1AD3BE7900E001E0 /* Build configuration list for PBXNativeTarget "ExchangeBalancesTests" */ = {
			isa = XCConfigurationList;
			buildConfigurations = (
				017DE1B01AD3BE7900E001E0 /* Debug */,
				017DE1B11AD3BE7900E001E0 /* Release */,
			);
			defaultConfigurationIsVisible = 0;
			defaultConfigurationName = Release;
		};
/* End XCConfigurationList section */
	};
	rootObject = 017DE1851AD3BE7900E001E0 /* Project object */;
}
